
Microsoft Visual Studio Solution File, Format Version 12.00
# Visual Studio Version 16
VisualStudioVersion = 16.0.31321.278
MinimumVisualStudioVersion = 10.0.40219.1
Project("{FAE04EC0-301F-11D3-BF4B-00C04F79EFBC}") = "ChatAPI", "WebApplication1\ChatAPI.csproj", "{98D73EA0-12DC-4E1A-8FED-7CBACAF57FEC}"
EndProject
Project("{FAE04EC0-301F-11D3-BF4B-00C04F79EFBC}") = "ChatApplication", "ChatApplication\ChatApplication.csproj", "{68342EB9-10DF-487A-99E0-95E1CD19438B}"
EndProject
Global
	GlobalSection(SolutionConfigurationPlatforms) = preSolution
		Debug|Any CPU = Debug|Any CPU
		Release|Any CPU = Release|Any CPU
	EndGlobalSection
	GlobalSection(ProjectConfigurationPlatforms) = postSolution
		{98D73EA0-12DC-4E1A-8FED-7CBACAF57FEC}.Debug|Any CPU.ActiveCfg = Debug|Any CPU
		{98D73EA0-12DC-4E1A-8FED-7CBACAF57FEC}.Debug|Any CPU.Build.0 = Debug|Any CPU
		{98D73EA0-12DC-4E1A-8FED-7CBACAF57FEC}.Release|Any CPU.ActiveCfg = Release|Any CPU
		{98D73EA0-12DC-4E1A-8FED-7CBACAF57FEC}.Release|Any CPU.Build.0 = Release|Any CPU
		{68342EB9-10DF-487A-99E0-95E1CD19438B}.Debug|Any CPU.ActiveCfg = Debug|Any CPU
		{68342EB9-10DF-487A-99E0-95E1CD19438B}.Debug|Any CPU.Build.0 = Debug|Any CPU
		{68342EB9-10DF-487A-99E0-95E1CD19438B}.Release|Any CPU.ActiveCfg = Release|Any CPU
		{68342EB9-10DF-487A-99E0-95E1CD19438B}.Release|Any CPU.Build.0 = Release|Any CPU
	EndGlobalSection
	GlobalSection(SolutionProperties) = preSolution
		HideSolutionNode = FALSE
	EndGlobalSection
	GlobalSection(ExtensibilityGlobals) = postSolution
		SolutionGuid = {6F0A6582-F73E-4B0C-8371-59952E485B03}
	EndGlobalSection
EndGlobal
